// !$*UTF8*$!
{
	archiveVersion = 1;
	classes = {
	};
	objectVersion = 56;
	objects = {

/* Begin PBXBuildFile section */
		671D9B832C595DE2000443B5 /* MovieListViewModel.swift in Sources */ = {isa = PBXBuildFile; fileRef = 671D9B822C595DE2000443B5 /* MovieListViewModel.swift */; };
		675A5BCA2C5502E200568508 /* MovieBookApp.swift in Sources */ = {isa = PBXBuildFile; fileRef = 675A5BC92C5502E200568508 /* MovieBookApp.swift */; };
		675A5BCC2C5502E200568508 /* MovieListView.swift in Sources */ = {isa = PBXBuildFile; fileRef = 675A5BCB2C5502E200568508 /* MovieListView.swift */; };
		675A5BCE2C5502E300568508 /* Assets.xcassets in Resources */ = {isa = PBXBuildFile; fileRef = 675A5BCD2C5502E300568508 /* Assets.xcassets */; };
		675A5BD12C5502E300568508 /* Preview Assets.xcassets in Resources */ = {isa = PBXBuildFile; fileRef = 675A5BD02C5502E300568508 /* Preview Assets.xcassets */; };
		675A5BDD2C55047B00568508 /* Movie.swift in Sources */ = {isa = PBXBuildFile; fileRef = 675A5BDC2C55047B00568508 /* Movie.swift */; };
		675A5BE02C55082200568508 /* DownloaderClient.swift in Sources */ = {isa = PBXBuildFile; fileRef = 675A5BDF2C55082200568508 /* DownloaderClient.swift */; };
		6777CF092C6FF0550065C6CD /* ImageDownloaderClient.swift in Sources */ = {isa = PBXBuildFile; fileRef = 6777CF082C6FF0550065C6CD /* ImageDownloaderClient.swift */; };
		6777CF0B2C6FFAA30065C6CD /* SpecialImage.swift in Sources */ = {isa = PBXBuildFile; fileRef = 6777CF0A2C6FFAA30065C6CD /* SpecialImage.swift */; };
/* End PBXBuildFile section */

/* Begin PBXFileReference section */
		671D9B822C595DE2000443B5 /* MovieListViewModel.swift */ = {isa = PBXFileReference; lastKnownFileType = sourcecode.swift; path = MovieListViewModel.swift; sourceTree = "<group>"; };
		675A5BC62C5502E200568508 /* MovieBook.app */ = {isa = PBXFileReference; explicitFileType = wrapper.application; includeInIndex = 0; path = MovieBook.app; sourceTree = BUILT_PRODUCTS_DIR; };
		675A5BC92C5502E200568508 /* MovieBookApp.swift */ = {isa = PBXFileReference; lastKnownFileType = sourcecode.swift; path = MovieBookApp.swift; sourceTree = "<group>"; };
		675A5BCB2C5502E200568508 /* MovieListView.swift */ = {isa = PBXFileReference; lastKnownFileType = sourcecode.swift; path = MovieListView.swift; sourceTree = "<group>"; };
		675A5BCD2C5502E300568508 /* Assets.xcassets */ = {isa = PBXFileReference; lastKnownFileType = folder.assetcatalog; path = Assets.xcassets; sourceTree = "<group>"; };
		675A5BD02C5502E300568508 /* Preview Assets.xcassets */ = {isa = PBXFileReference; lastKnownFileType = folder.assetcatalog; path = "Preview Assets.xcassets"; sourceTree = "<group>"; };
		675A5BDC2C55047B00568508 /* Movie.swift */ = {isa = PBXFileReference; lastKnownFileType = sourcecode.swift; path = Movie.swift; sourceTree = "<group>"; };
		675A5BDF2C55082200568508 /* DownloaderClient.swift */ = {isa = PBXFileReference; lastKnownFileType = sourcecode.swift; path = DownloaderClient.swift; sourceTree = "<group>"; };
		6777CF082C6FF0550065C6CD /* ImageDownloaderClient.swift */ = {isa = PBXFileReference; lastKnownFileType = sourcecode.swift; path = ImageDownloaderClient.swift; sourceTree = "<group>"; };
		6777CF0A2C6FFAA30065C6CD /* SpecialImage.swift */ = {isa = PBXFileReference; lastKnownFileType = sourcecode.swift; path = SpecialImage.swift; sourceTree = "<group>"; };
/* End PBXFileReference section */

/* Begin PBXFrameworksBuildPhase section */
		675A5BC32C5502E200568508 /* Frameworks */ = {
			isa = PBXFrameworksBuildPhase;
			buildActionMask = 2147483647;
			files = (
			);
			runOnlyForDeploymentPostprocessing = 0;
		};
/* End PBXFrameworksBuildPhase section */

/* Begin PBXGroup section */
		675A5BBD2C5502E200568508 = {
			isa = PBXGroup;
			children = (
				675A5BC82C5502E200568508 /* MovieBook */,
				675A5BC72C5502E200568508 /* Products */,
			);
			sourceTree = "<group>";
		};
		675A5BC72C5502E200568508 /* Products */ = {
			isa = PBXGroup;
			children = (
				675A5BC62C5502E200568508 /* MovieBook.app */,
			);
			name = Products;
			sourceTree = "<group>";
		};
		675A5BC82C5502E200568508 /* MovieBook */ = {
			isa = PBXGroup;
			children = (
				675A5BDE2C5507E900568508 /* Service */,
				675A5BDA2C55035600568508 /* App */,
				675A5BD92C55033300568508 /* ViewModel */,
				675A5BD82C55032C00568508 /* View */,
				675A5BD72C55031D00568508 /* Model */,
				675A5BCD2C5502E300568508 /* Assets.xcassets */,
				675A5BCF2C5502E300568508 /* Preview Content */,
			);
			path = MovieBook;
			sourceTree = "<group>";
		};
		675A5BCF2C5502E300568508 /* Preview Content */ = {
			isa = PBXGroup;
			children = (
				675A5BD02C5502E300568508 /* Preview Assets.xcassets */,
			);
			path = "Preview Content";
			sourceTree = "<group>";
		};
		675A5BD72C55031D00568508 /* Model */ = {
			isa = PBXGroup;
			children = (
				675A5BDC2C55047B00568508 /* Movie.swift */,
			);
			path = Model;
			sourceTree = "<group>";
		};
		675A5BD82C55032C00568508 /* View */ = {
			isa = PBXGroup;
			children = (
				675A5BCB2C5502E200568508 /* MovieListView.swift */,
				6777CF0A2C6FFAA30065C6CD /* SpecialImage.swift */,
			);
			path = View;
			sourceTree = "<group>";
		};
		675A5BD92C55033300568508 /* ViewModel */ = {
			isa = PBXGroup;
			children = (
				671D9B822C595DE2000443B5 /* MovieListViewModel.swift */,
			);
			path = ViewModel;
			sourceTree = "<group>";
		};
		675A5BDA2C55035600568508 /* App */ = {
			isa = PBXGroup;
			children = (
				675A5BC92C5502E200568508 /* MovieBookApp.swift */,
			);
			path = App;
			sourceTree = "<group>";
		};
		675A5BDE2C5507E900568508 /* Service */ = {
			isa = PBXGroup;
			children = (
				675A5BDF2C55082200568508 /* DownloaderClient.swift */,
				6777CF082C6FF0550065C6CD /* ImageDownloaderClient.swift */,
			);
			path = Service;
			sourceTree = "<group>";
		};
/* End PBXGroup section */

/* Begin PBXNativeTarget section */
		675A5BC52C5502E200568508 /* MovieBook */ = {
			isa = PBXNativeTarget;
			buildConfigurationList = 675A5BD42C5502E300568508 /* Build configuration list for PBXNativeTarget "MovieBook" */;
			buildPhases = (
				675A5BC22C5502E200568508 /* Sources */,
				675A5BC32C5502E200568508 /* Frameworks */,
				675A5BC42C5502E200568508 /* Resources */,
			);
			buildRules = (
			);
			dependencies = (
			);
			name = MovieBook;
			productName = MovieBook;
			productReference = 675A5BC62C5502E200568508 /* MovieBook.app */;
			productType = "com.apple.product-type.application";
		};
/* End PBXNativeTarget section */

/* Begin PBXProject section */
		675A5BBE2C5502E200568508 /* Project object */ = {
			isa = PBXProject;
			attributes = {
				BuildIndependentTargetsInParallel = 1;
				LastSwiftUpdateCheck = 1540;
				LastUpgradeCheck = 1540;
				TargetAttributes = {
					675A5BC52C5502E200568508 = {
						CreatedOnToolsVersion = 15.4;
					};
				};
			};
			buildConfigurationList = 675A5BC12C5502E200568508 /* Build configuration list for PBXProject "MovieBook" */;
			compatibilityVersion = "Xcode 14.0";
			developmentRegion = en;
			hasScannedForEncodings = 0;
			knownRegions = (
				en,
				Base,
			);
			mainGroup = 675A5BBD2C5502E200568508;
			productRefGroup = 675A5BC72C5502E200568508 /* Products */;
			projectDirPath = "";
			projectRoot = "";
			targets = (
				675A5BC52C5502E200568508 /* MovieBook */,
			);
		};
/* End PBXProject section */

/* Begin PBXResourcesBuildPhase section */
		675A5BC42C5502E200568508 /* Resources */ = {
			isa = PBXResourcesBuildPhase;
			buildActionMask = 2147483647;
			files = (
				675A5BD12C5502E300568508 /* Preview Assets.xcassets in Resources */,
				675A5BCE2C5502E300568508 /* Assets.xcassets in Resources */,
			);
			runOnlyForDeploymentPostprocessing = 0;
		};
/* End PBXResourcesBuildPhase section */

/* Begin PBXSourcesBuildPhase section */
		675A5BC22C5502E200568508 /* Sources */ = {
			isa = PBXSourcesBuildPhase;
			buildActionMask = 2147483647;
			files = (
				675A5BCC2C5502E200568508 /* MovieListView.swift in Sources */,
				675A5BCA2C5502E200568508 /* MovieBookApp.swift in Sources */,
				6777CF0B2C6FFAA30065C6CD /* SpecialImage.swift in Sources */,
				671D9B832C595DE2000443B5 /* MovieListViewModel.swift in Sources */,
				675A5BDD2C55047B00568508 /* Movie.swift in Sources */,
				675A5BE02C55082200568508 /* DownloaderClient.swift in Sources */,
				6777CF092C6FF0550065C6CD /* ImageDownloaderClient.swift in Sources */,
			);
			runOnlyForDeploymentPostprocessing = 0;
		};
/* End PBXSourcesBuildPhase section */

/* Begin XCBuildConfiguration section */
		675A5BD22C5502E300568508 /* Debug */ = {
			isa = XCBuildConfiguration;
			buildSettings = {
				ALWAYS_SEARCH_USER_PATHS = NO;
				ASSETCATALOG_COMPILER_GENERATE_SWIFT_ASSET_SYMBOL_EXTENSIONS = YES;
				CLANG_ANALYZER_NONNULL = YES;
				CLANG_ANALYZER_NUMBER_OBJECT_CONVERSION = YES_AGGRESSIVE;
				CLANG_CXX_LANGUAGE_STANDARD = "gnu++20";
				CLANG_ENABLE_MODULES = YES;
				CLANG_ENABLE_OBJC_ARC = YES;
				CLANG_ENABLE_OBJC_WEAK = YES;
				CLANG_WARN_BLOCK_CAPTURE_AUTORELEASING = YES;
				CLANG_WARN_BOOL_CONVERSION = YES;
				CLANG_WARN_COMMA = YES;
				CLANG_WARN_CONSTANT_CONVERSION = YES;
				CLANG_WARN_DEPRECATED_OBJC_IMPLEMENTATIONS = YES;
				CLANG_WARN_DIRECT_OBJC_ISA_USAGE = YES_ERROR;
				CLANG_WARN_DOCUMENTATION_COMMENTS = YES;
				CLANG_WARN_EMPTY_BODY = YES;
				CLANG_WARN_ENUM_CONVERSION = YES;
				CLANG_WARN_INFINITE_RECURSION = YES;
				CLANG_WARN_INT_CONVERSION = YES;
				CLANG_WARN_NON_LITERAL_NULL_CONVERSION = YES;
				CLANG_WARN_OBJC_IMPLICIT_RETAIN_SELF = YES;
				CLANG_WARN_OBJC_LITERAL_CONVERSION = YES;
				CLANG_WARN_OBJC_ROOT_CLASS = YES_ERROR;
				CLANG_WARN_QUOTED_INCLUDE_IN_FRAMEWORK_HEADER = YES;
				CLANG_WARN_RANGE_LOOP_ANALYSIS = YES;
				CLANG_WARN_STRICT_PROTOTYPES = YES;
				CLANG_WARN_SUSPICIOUS_MOVE = YES;
				CLANG_WARN_UNGUARDED_AVAILABILITY = YES_AGGRESSIVE;
				CLANG_WARN_UNREACHABLE_CODE = YES;
				CLANG_WARN__DUPLICATE_METHOD_MATCH = YES;
				COPY_PHASE_STRIP = NO;
				DEBUG_INFORMATION_FORMAT = dwarf;
				ENABLE_STRICT_OBJC_MSGSEND = YES;
				ENABLE_TESTABILITY = YES;
				ENABLE_USER_SCRIPT_SANDBOXING = YES;
				GCC_C_LANGUAGE_STANDARD = gnu17;
				GCC_DYNAMIC_NO_PIC = NO;
				GCC_NO_COMMON_BLOCKS = YES;
				GCC_OPTIMIZATION_LEVEL = 0;
				GCC_PREPROCESSOR_DEFINITIONS = (
					"DEBUG=1",
					"$(inherited)",
				);
				GCC_WARN_64_TO_32_BIT_CONVERSION = YES;
				GCC_WARN_ABOUT_RETURN_TYPE = YES_ERROR;
				GCC_WARN_UNDECLARED_SELECTOR = YES;
				GCC_WARN_UNINITIALIZED_AUTOS = YES_AGGRESSIVE;
				GCC_WARN_UNUSED_FUNCTION = YES;
				GCC_WARN_UNUSED_VARIABLE = YES;
				IPHONEOS_DEPLOYMENT_TARGET = 17.5;
				LOCALIZATION_PREFERS_STRING_CATALOGS = YES;
				MTL_ENABLE_DEBUG_INFO = INCLUDE_SOURCE;
				MTL_FAST_MATH = YES;
				ONLY_ACTIVE_ARCH = YES;
				SDKROOT = iphoneos;
				SWIFT_ACTIVE_COMPILATION_CONDITIONS = "DEBUG $(inherited)";
				SWIFT_OPTIMIZATION_LEVEL = "-Onone";
			};
			name = Debug;
		};
		675A5BD32C5502E300568508 /* Release */ = {
			isa = XCBuildConfiguration;
			buildSettings = {
				ALWAYS_SEARCH_USER_PATHS = NO;
				ASSETCATALOG_COMPILER_GENERATE_SWIFT_ASSET_SYMBOL_EXTENSIONS = YES;
				CLANG_ANALYZER_NONNULL = YES;
				CLANG_ANALYZER_NUMBER_OBJECT_CONVERSION = YES_AGGRESSIVE;
				CLANG_CXX_LANGUAGE_STANDARD = "gnu++20";
				CLANG_ENABLE_MODULES = YES;
				CLANG_ENABLE_OBJC_ARC = YES;
				CLANG_ENABLE_OBJC_WEAK = YES;
				CLANG_WARN_BLOCK_CAPTURE_AUTORELEASING = YES;
				CLANG_WARN_BOOL_CONVERSION = YES;
				CLANG_WARN_COMMA = YES;
				CLANG_WARN_CONSTANT_CONVERSION = YES;
				CLANG_WARN_DEPRECATED_OBJC_IMPLEMENTATIONS = YES;
				CLANG_WARN_DIRECT_OBJC_ISA_USAGE = YES_ERROR;
				CLANG_WARN_DOCUMENTATION_COMMENTS = YES;
				CLANG_WARN_EMPTY_BODY = YES;
				CLANG_WARN_ENUM_CONVERSION = YES;
				CLANG_WARN_INFINITE_RECURSION = YES;
				CLANG_WARN_INT_CONVERSION = YES;
				CLANG_WARN_NON_LITERAL_NULL_CONVERSION = YES;
				CLANG_WARN_OBJC_IMPLICIT_RETAIN_SELF = YES;
				CLANG_WARN_OBJC_LITERAL_CONVERSION = YES;
				CLANG_WARN_OBJC_ROOT_CLASS = YES_ERROR;
				CLANG_WARN_QUOTED_INCLUDE_IN_FRAMEWORK_HEADER = YES;
				CLANG_WARN_RANGE_LOOP_ANALYSIS = YES;
				CLANG_WARN_STRICT_PROTOTYPES = YES;
				CLANG_WARN_SUSPICIOUS_MOVE = YES;
				CLANG_WARN_UNGUARDED_AVAILABILITY = YES_AGGRESSIVE;
				CLANG_WARN_UNREACHABLE_CODE = YES;
				CLANG_WARN__DUPLICATE_METHOD_MATCH = YES;
				COPY_PHASE_STRIP = NO;
				DEBUG_INFORMATION_FORMAT = "dwarf-with-dsym";
				ENABLE_NS_ASSERTIONS = NO;
				ENABLE_STRICT_OBJC_MSGSEND = YES;
				ENABLE_USER_SCRIPT_SANDBOXING = YES;
				GCC_C_LANGUAGE_STANDARD = gnu17;
				GCC_NO_COMMON_BLOCKS = YES;
				GCC_WARN_64_TO_32_BIT_CONVERSION = YES;
				GCC_WARN_ABOUT_RETURN_TYPE = YES_ERROR;
				GCC_WARN_UNDECLARED_SELECTOR = YES;
				GCC_WARN_UNINITIALIZED_AUTOS = YES_AGGRESSIVE;
				GCC_WARN_UNUSED_FUNCTION = YES;
				GCC_WARN_UNUSED_VARIABLE = YES;
				IPHONEOS_DEPLOYMENT_TARGET = 17.5;
				LOCALIZATION_PREFERS_STRING_CATALOGS = YES;
				MTL_ENABLE_DEBUG_INFO = NO;
				MTL_FAST_MATH = YES;
				SDKROOT = iphoneos;
				SWIFT_COMPILATION_MODE = wholemodule;
				VALIDATE_PRODUCT = YES;
			};
			name = Release;
		};
		675A5BD52C5502E300568508 /* Debug */ = {
			isa = XCBuildConfiguration;
			buildSettings = {
				ASSETCATALOG_COMPILER_APPICON_NAME = AppIcon;
				ASSETCATALOG_COMPILER_GLOBAL_ACCENT_COLOR_NAME = AccentColor;
				CODE_SIGN_STYLE = Automatic;
				CURRENT_PROJECT_VERSION = 1;
				DEVELOPMENT_ASSET_PATHS = "\"MovieBook/Preview Content\"";
				ENABLE_PREVIEWS = YES;
				GENERATE_INFOPLIST_FILE = YES;
				INFOPLIST_KEY_UIApplicationSceneManifest_Generation = YES;
				INFOPLIST_KEY_UIApplicationSupportsIndirectInputEvents = YES;
				INFOPLIST_KEY_UILaunchScreen_Generation = YES;
				INFOPLIST_KEY_UISupportedInterfaceOrientations_iPad = "UIInterfaceOrientationPortrait UIInterfaceOrientationPortraitUpsideDown UIInterfaceOrientationLandscapeLeft UIInterfaceOrientationLandscapeRight";
				INFOPLIST_KEY_UISupportedInterfaceOrientations_iPhone = "UIInterfaceOrientationPortrait UIInterfaceOrientationLandscapeLeft UIInterfaceOrientationLandscapeRight";
				LD_RUNPATH_SEARCH_PATHS = (
					"$(inherited)",
					"@executable_path/Frameworks",
				);
				MARKETING_VERSION = 1.0;
				PRODUCT_BUNDLE_IDENTIFIER = com.burakceliloglu.MovieBook;
				PRODUCT_NAME = "$(TARGET_NAME)";
				SWIFT_EMIT_LOC_STRINGS = YES;
				SWIFT_VERSION = 5.0;
				TARGETED_DEVICE_FAMILY = "1,2";
			};
			name = Debug;
		};
		675A5BD62C5502E300568508 /* Release */ = {
			isa = XCBuildConfiguration;
			buildSettings = {
				ASSETCATALOG_COMPILER_APPICON_NAME = AppIcon;
				ASSETCATALOG_COMPILER_GLOBAL_ACCENT_COLOR_NAME = AccentColor;
				CODE_SIGN_STYLE = Automatic;
				CURRENT_PROJECT_VERSION = 1;
				DEVELOPMENT_ASSET_PATHS = "\"MovieBook/Preview Content\"";
				ENABLE_PREVIEWS = YES;
				GENERATE_INFOPLIST_FILE = YES;
				INFOPLIST_KEY_UIApplicationSceneManifest_Generation = YES;
				INFOPLIST_KEY_UIApplicationSupportsIndirectInputEvents = YES;
				INFOPLIST_KEY_UILaunchScreen_Generation = YES;
				INFOPLIST_KEY_UISupportedInterfaceOrientations_iPad = "UIInterfaceOrientationPortrait UIInterfaceOrientationPortraitUpsideDown UIInterfaceOrientationLandscapeLeft UIInterfaceOrientationLandscapeRight";
				INFOPLIST_KEY_UISupportedInterfaceOrientations_iPhone = "UIInterfaceOrientationPortrait UIInterfaceOrientationLandscapeLeft UIInterfaceOrientationLandscapeRight";
				LD_RUNPATH_SEARCH_PATHS = (
					"$(inherited)",
					"@executable_path/Frameworks",
				);
				MARKETING_VERSION = 1.0;
				PRODUCT_BUNDLE_IDENTIFIER = com.burakceliloglu.MovieBook;
				PRODUCT_NAME = "$(TARGET_NAME)";
				SWIFT_EMIT_LOC_STRINGS = YES;
				SWIFT_VERSION = 5.0;
				TARGETED_DEVICE_FAMILY = "1,2";
			};
			name = Release;
		};
/* End XCBuildConfiguration section */

/* Begin XCConfigurationList section */
		675A5BC12C5502E200568508 /* Build configuration list for PBXProject "MovieBook" */ = {
			isa = XCConfigurationList;
			buildConfigurations = (
				675A5BD22C5502E300568508 /* Debug */,
				675A5BD32C5502E300568508 /* Release */,
			);
			defaultConfigurationIsVisible = 0;
			defaultConfigurationName = Release;
		};
		675A5BD42C5502E300568508 /* Build configuration list for PBXNativeTarget "MovieBook" */ = {
			isa = XCConfigurationList;
			buildConfigurations = (
				675A5BD52C5502E300568508 /* Debug */,
				675A5BD62C5502E300568508 /* Release */,
			);
			defaultConfigurationIsVisible = 0;
			defaultConfigurationName = Release;
		};
/* End XCConfigurationList section */
	};
	rootObject = 675A5BBE2C5502E200568508 /* Project object */;
}
